// !$*UTF8*$!
{
	archiveVersion = 1;
	classes = {
	};
	objectVersion = 56;
	objects = {

/* Begin PBXBuildFile section */
		3DF454CB5A80D6C4313AC810 /* Pods_ads.framework in Frameworks */ = {isa = PBXBuildFile; fileRef = 61C7338744733ACDF9608C0F /* Pods_ads.framework */; };
		46C7E77DD2ECA925F3952036 /* Pods_vungle.framework in Frameworks */ = {isa = PBXBuildFile; fileRef = C4ED341537F1C46ECD8226C4 /* Pods_vungle.framework */; };
		5E027D892A74A770001551B6 /* PoingGodotAdMobInterstitialAd.mm in Sources */ = {isa = PBXBuildFile; fileRef = 5E027D882A74A770001551B6 /* PoingGodotAdMobInterstitialAd.mm */; };
		5E08983D2A4B91E30066A53A /* PoingGodotAdMobAdColonyAppOptions.mm in Sources */ = {isa = PBXBuildFile; fileRef = 5E08983C2A4B91E30066A53A /* PoingGodotAdMobAdColonyAppOptions.mm */; };
		5E38B5DB2A7546EF00E35218 /* InterstitialAd.mm in Sources */ = {isa = PBXBuildFile; fileRef = 5E38B5DA2A7546EF00E35218 /* InterstitialAd.mm */; };
		5E5BDE182A4632770071BE86 /* PoingGodotAdMobModule.mm in Sources */ = {isa = PBXBuildFile; fileRef = 5E5BDE172A4632770071BE86 /* PoingGodotAdMobModule.mm */; };
		5E5BDE3E2A4686B20071BE86 /* PoingGodotAdMobAdColonyModule.mm in Sources */ = {isa = PBXBuildFile; fileRef = 5E5BDE3D2A4686B20071BE86 /* PoingGodotAdMobAdColonyModule.mm */; };
		5E5BDE3F2A4686B20071BE86 /* PoingGodotAdMobAdColonyModule.h in CopyFiles */ = {isa = PBXBuildFile; fileRef = 5E5BDE3C2A4686B20071BE86 /* PoingGodotAdMobAdColonyModule.h */; };
		5E63D64F2A64636100BDC600 /* ObjectToGodotDictionary.mm in Sources */ = {isa = PBXBuildFile; fileRef = 5E63D64E2A64636100BDC600 /* ObjectToGodotDictionary.mm */; };
		5E80AAD52A44A50C001C750F /* PoingGodotAdMob.mm in Sources */ = {isa = PBXBuildFile; fileRef = 5E80AAD42A44A50C001C750F /* PoingGodotAdMob.mm */; };
		5E80AAD62A44A50C001C750F /* PoingGodotAdMob.h in CopyFiles */ = {isa = PBXBuildFile; fileRef = 5E80AAD32A44A50C001C750F /* PoingGodotAdMob.h */; };
		5E80AAE42A44A74A001C750F /* AdNetworkExtras.mm in Sources */ = {isa = PBXBuildFile; fileRef = 5E80AAE32A44A74A001C750F /* AdNetworkExtras.mm */; };
		5E80AAE52A44A74A001C750F /* AdNetworkExtras.h in CopyFiles */ = {isa = PBXBuildFile; fileRef = 5E80AAE22A44A74A001C750F /* AdNetworkExtras.h */; };
		5E80AAF12A44A82F001C750F /* PoingGodotAdMobMetaModule.mm in Sources */ = {isa = PBXBuildFile; fileRef = 5E80AAF02A44A82F001C750F /* PoingGodotAdMobMetaModule.mm */; };
		5E80AAF22A44A82F001C750F /* PoingGodotAdMobMetaModule.h in CopyFiles */ = {isa = PBXBuildFile; fileRef = 5E80AAEF2A44A82F001C750F /* PoingGodotAdMobMetaModule.h */; };
		5E80AB002A44AA77001C750F /* VunglePoingExtrasBuilder.mm in Sources */ = {isa = PBXBuildFile; fileRef = 5E80AAFF2A44AA77001C750F /* VunglePoingExtrasBuilder.mm */; };
		5E80AB012A44AA77001C750F /* VunglePoingExtrasBuilder.h in CopyFiles */ = {isa = PBXBuildFile; fileRef = 5E80AAFE2A44AA77001C750F /* VunglePoingExtrasBuilder.h */; };
		5EA276132A66FC6A00D5CF1E /* PoingGodotAdMobAdView.mm in Sources */ = {isa = PBXBuildFile; fileRef = 5EA276122A66FC6A00D5CF1E /* PoingGodotAdMobAdView.mm */; };
		5EA276172A6739D200D5CF1E /* BannerAd.mm in Sources */ = {isa = PBXBuildFile; fileRef = 5EA276162A6739D200D5CF1E /* BannerAd.mm */; };
		5EA2761A2A67461A00D5CF1E /* GodotDictionaryToObject.mm in Sources */ = {isa = PBXBuildFile; fileRef = 5EA276192A67461A00D5CF1E /* GodotDictionaryToObject.mm */; };
		5EA595992A76B08400968B18 /* PoingGodotAdMobRewardedAd.mm in Sources */ = {isa = PBXBuildFile; fileRef = 5EA595982A76B08400968B18 /* PoingGodotAdMobRewardedAd.mm */; };
		5EA5959C2A76B10000968B18 /* RewardedAd.mm in Sources */ = {isa = PBXBuildFile; fileRef = 5EA5959B2A76B10000968B18 /* RewardedAd.mm */; };
		5EAF24902A7EBB420050C77A /* PoingGodotAdMobVungleModule.mm in Sources */ = {isa = PBXBuildFile; fileRef = 5EAF248F2A7EBB420050C77A /* PoingGodotAdMobVungleModule.mm */; };
		5EAF24932A7EBC3D0050C77A /* PoingGodotAdMobVungle.mm in Sources */ = {isa = PBXBuildFile; fileRef = 5EAF24922A7EBC3D0050C77A /* PoingGodotAdMobVungle.mm */; };
		5EAFBD212A7C96600045DAB8 /* PoingGodotAdMobMetaFBAdSettings.mm in Sources */ = {isa = PBXBuildFile; fileRef = 5EAFBD202A7C96600045DAB8 /* PoingGodotAdMobMetaFBAdSettings.mm */; };
		5EB13DE52A76FF7800054CFC /* PoingGodotAdMobRewardedInterstitialAd.mm in Sources */ = {isa = PBXBuildFile; fileRef = 5EB13DE42A76FF7800054CFC /* PoingGodotAdMobRewardedInterstitialAd.mm */; };
		5EB13DE82A77003500054CFC /* RewardedInterstitialAd.mm in Sources */ = {isa = PBXBuildFile; fileRef = 5EB13DE72A77003500054CFC /* RewardedInterstitialAd.mm */; };
		5EB13DEB2A7706AE00054CFC /* PoingGodotAdMobConsentInformation.mm in Sources */ = {isa = PBXBuildFile; fileRef = 5EB13DEA2A7706AE00054CFC /* PoingGodotAdMobConsentInformation.mm */; };
		5EB13DED2A773ACC00054CFC /* AdFormatBase.mm in Sources */ = {isa = PBXBuildFile; fileRef = 5EB13DEC2A773ACC00054CFC /* AdFormatBase.mm */; };
		5EB13DF02A773BE600054CFC /* PoingGodotAdMobUserMessagingPlatform.mm in Sources */ = {isa = PBXBuildFile; fileRef = 5EB13DEF2A773BE600054CFC /* PoingGodotAdMobUserMessagingPlatform.mm */; };
		5EB13DF42A773CA000054CFC /* PoingGodotAdMobConsentForm.mm in Sources */ = {isa = PBXBuildFile; fileRef = 5EB13DF32A773CA000054CFC /* PoingGodotAdMobConsentForm.mm */; };
		5EB63E4E2A65DF0700699D72 /* PoingGodotAdMobAdSize.mm in Sources */ = {isa = PBXBuildFile; fileRef = 5EB63E4D2A65DF0700699D72 /* PoingGodotAdMobAdSize.mm */; };
		5EB759202A68860400523E88 /* DeviceOrientationHelper.mm in Sources */ = {isa = PBXBuildFile; fileRef = 5EB7591F2A68860400523E88 /* DeviceOrientationHelper.mm */; };
		5EE75CB62A4C50080028DBB2 /* AdColonyExtrasBuilder.mm in Sources */ = {isa = PBXBuildFile; fileRef = 5EE75CB52A4C50080028DBB2 /* AdColonyExtrasBuilder.mm */; };
		D9C6EBA1B0831032019D81C7 /* Pods_core.framework in Frameworks */ = {isa = PBXBuildFile; fileRef = A8B8A51BD2C38CF1E7585C67 /* Pods_core.framework */; };
		F6F2893BCD20C5B28234938B /* Pods_meta.framework in Frameworks */ = {isa = PBXBuildFile; fileRef = D987DFBE4578E324D2F2E98E /* Pods_meta.framework */; };
		FD5CD28B654F484A801214C2 /* Pods_adcolony.framework in Frameworks */ = {isa = PBXBuildFile; fileRef = 306A95510670715B1760AA7A /* Pods_adcolony.framework */; };
/* End PBXBuildFile section */

/* Begin PBXCopyFilesBuildPhase section */
		5E5BDE382A4686B20071BE86 /* CopyFiles */ = {
			isa = PBXCopyFilesBuildPhase;
			buildActionMask = 2147483647;
			dstPath = "include/$(PRODUCT_NAME)";
			dstSubfolderSpec = 16;
			files = (
				5E5BDE3F2A4686B20071BE86 /* PoingGodotAdMobAdColonyModule.h in CopyFiles */,
			);
			runOnlyForDeploymentPostprocessing = 0;
		};
		5E80AACE2A44A50C001C750F /* CopyFiles */ = {
			isa = PBXCopyFilesBuildPhase;
			buildActionMask = 2147483647;
			dstPath = "include/$(PRODUCT_NAME)";
			dstSubfolderSpec = 16;
			files = (
				5E80AAD62A44A50C001C750F /* PoingGodotAdMob.h in CopyFiles */,
			);
			runOnlyForDeploymentPostprocessing = 0;
		};
		5E80AADE2A44A74A001C750F /* CopyFiles */ = {
			isa = PBXCopyFilesBuildPhase;
			buildActionMask = 2147483647;
			dstPath = "include/$(PRODUCT_NAME)";
			dstSubfolderSpec = 16;
			files = (
				5E80AAE52A44A74A001C750F /* AdNetworkExtras.h in CopyFiles */,
			);
			runOnlyForDeploymentPostprocessing = 0;
		};
		5E80AAEB2A44A82E001C750F /* CopyFiles */ = {
			isa = PBXCopyFilesBuildPhase;
			buildActionMask = 2147483647;
			dstPath = "include/$(PRODUCT_NAME)";
			dstSubfolderSpec = 16;
			files = (
				5E80AAF22A44A82F001C750F /* PoingGodotAdMobMetaModule.h in CopyFiles */,
			);
			runOnlyForDeploymentPostprocessing = 0;
		};
		5E80AAFA2A44AA77001C750F /* CopyFiles */ = {
			isa = PBXCopyFilesBuildPhase;
			buildActionMask = 2147483647;
			dstPath = "include/$(PRODUCT_NAME)";
			dstSubfolderSpec = 16;
			files = (
				5E80AB012A44AA77001C750F /* VunglePoingExtrasBuilder.h in CopyFiles */,
			);
			runOnlyForDeploymentPostprocessing = 0;
		};
/* End PBXCopyFilesBuildPhase section */

/* Begin PBXFileReference section */
		001FDF7CA428980BF8E6E60F /* Pods-meta.release.xcconfig */ = {isa = PBXFileReference; includeInIndex = 1; lastKnownFileType = text.xcconfig; name = "Pods-meta.release.xcconfig"; path = "Target Support Files/Pods-meta/Pods-meta.release.xcconfig"; sourceTree = "<group>"; };
		0D0C9E5FF32E0DDCEDE2E41C /* Pods-ads.release.xcconfig */ = {isa = PBXFileReference; includeInIndex = 1; lastKnownFileType = text.xcconfig; name = "Pods-ads.release.xcconfig"; path = "Target Support Files/Pods-ads/Pods-ads.release.xcconfig"; sourceTree = "<group>"; };
		306A95510670715B1760AA7A /* Pods_adcolony.framework */ = {isa = PBXFileReference; explicitFileType = wrapper.framework; includeInIndex = 0; path = Pods_adcolony.framework; sourceTree = BUILT_PRODUCTS_DIR; };
		423FD0383D3ACB01587A333D /* Pods-meta.debug.xcconfig */ = {isa = PBXFileReference; includeInIndex = 1; lastKnownFileType = text.xcconfig; name = "Pods-meta.debug.xcconfig"; path = "Target Support Files/Pods-meta/Pods-meta.debug.xcconfig"; sourceTree = "<group>"; };
		5E01263E2AE8A13100E487EC /* PluginConfiguration.h */ = {isa = PBXFileReference; lastKnownFileType = sourcecode.c.h; path = PluginConfiguration.h; sourceTree = "<group>"; };
		5E027D872A74A75C001551B6 /* PoingGodotAdMobInterstitialAd.h */ = {isa = PBXFileReference; lastKnownFileType = sourcecode.c.h; path = PoingGodotAdMobInterstitialAd.h; sourceTree = "<group>"; };
		5E027D882A74A770001551B6 /* PoingGodotAdMobInterstitialAd.mm */ = {isa = PBXFileReference; lastKnownFileType = sourcecode.cpp.objcpp; path = PoingGodotAdMobInterstitialAd.mm; sourceTree = "<group>"; };
		5E08983B2A4B91C80066A53A /* PoingGodotAdMobAdColonyAppOptions.h */ = {isa = PBXFileReference; lastKnownFileType = sourcecode.c.h; path = PoingGodotAdMobAdColonyAppOptions.h; sourceTree = "<group>"; };
		5E08983C2A4B91E30066A53A /* PoingGodotAdMobAdColonyAppOptions.mm */ = {isa = PBXFileReference; lastKnownFileType = sourcecode.cpp.objcpp; path = PoingGodotAdMobAdColonyAppOptions.mm; sourceTree = "<group>"; };
		5E08983F2A4B95B50066A53A /* poing-godot-admob-adcolony.gdip */ = {isa = PBXFileReference; lastKnownFileType = text; path = "poing-godot-admob-adcolony.gdip"; sourceTree = "<group>"; };
		5E38B5D92A7546D100E35218 /* InterstitialAd.h */ = {isa = PBXFileReference; lastKnownFileType = sourcecode.c.h; path = InterstitialAd.h; sourceTree = "<group>"; };
		5E38B5DA2A7546EF00E35218 /* InterstitialAd.mm */ = {isa = PBXFileReference; lastKnownFileType = sourcecode.cpp.objcpp; path = InterstitialAd.mm; sourceTree = "<group>"; };
		5E5BDE162A4632300071BE86 /* PoingGodotAdMobModule.h */ = {isa = PBXFileReference; lastKnownFileType = sourcecode.c.h; path = PoingGodotAdMobModule.h; sourceTree = "<group>"; };
		5E5BDE172A4632770071BE86 /* PoingGodotAdMobModule.mm */ = {isa = PBXFileReference; lastKnownFileType = sourcecode.cpp.objcpp; path = PoingGodotAdMobModule.mm; sourceTree = "<group>"; };
		5E5BDE3A2A4686B20071BE86 /* poing-godot-admob-adcolony.a */ = {isa = PBXFileReference; explicitFileType = archive.ar; includeInIndex = 0; path = "poing-godot-admob-adcolony.a"; sourceTree = BUILT_PRODUCTS_DIR; };
		5E5BDE3C2A4686B20071BE86 /* PoingGodotAdMobAdColonyModule.h */ = {isa = PBXFileReference; lastKnownFileType = sourcecode.c.h; path = PoingGodotAdMobAdColonyModule.h; sourceTree = "<group>"; };
		5E5BDE3D2A4686B20071BE86 /* PoingGodotAdMobAdColonyModule.mm */ = {isa = PBXFileReference; lastKnownFileType = sourcecode.cpp.objcpp; path = PoingGodotAdMobAdColonyModule.mm; sourceTree = "<group>"; };
		5E63D64D2A64632D00BDC600 /* ObjectToGodotDictionary.h */ = {isa = PBXFileReference; lastKnownFileType = sourcecode.c.h; path = ObjectToGodotDictionary.h; sourceTree = "<group>"; };
		5E63D64E2A64636100BDC600 /* ObjectToGodotDictionary.mm */ = {isa = PBXFileReference; lastKnownFileType = sourcecode.cpp.objcpp; path = ObjectToGodotDictionary.mm; sourceTree = "<group>"; };
		5E80AAD02A44A50C001C750F /* poing-godot-admob-ads.a */ = {isa = PBXFileReference; explicitFileType = archive.ar; includeInIndex = 0; path = "poing-godot-admob-ads.a"; sourceTree = BUILT_PRODUCTS_DIR; };
		5E80AAD32A44A50C001C750F /* PoingGodotAdMob.h */ = {isa = PBXFileReference; lastKnownFileType = sourcecode.c.h; path = PoingGodotAdMob.h; sourceTree = "<group>"; };
		5E80AAD42A44A50C001C750F /* PoingGodotAdMob.mm */ = {isa = PBXFileReference; lastKnownFileType = sourcecode.cpp.objcpp; path = PoingGodotAdMob.mm; sourceTree = "<group>"; };
		5E80AAE02A44A74A001C750F /* poing-godot-admob-core.a */ = {isa = PBXFileReference; explicitFileType = archive.ar; includeInIndex = 0; path = "poing-godot-admob-core.a"; sourceTree = BUILT_PRODUCTS_DIR; };
		5E80AAE22A44A74A001C750F /* AdNetworkExtras.h */ = {isa = PBXFileReference; lastKnownFileType = sourcecode.c.h; path = AdNetworkExtras.h; sourceTree = "<group>"; };
		5E80AAE32A44A74A001C750F /* AdNetworkExtras.mm */ = {isa = PBXFileReference; lastKnownFileType = sourcecode.cpp.objcpp; path = AdNetworkExtras.mm; sourceTree = "<group>"; };
		5E80AAED2A44A82E001C750F /* poing-godot-admob-meta.a */ = {isa = PBXFileReference; explicitFileType = archive.ar; includeInIndex = 0; path = "poing-godot-admob-meta.a"; sourceTree = BUILT_PRODUCTS_DIR; };
		5E80AAEF2A44A82F001C750F /* PoingGodotAdMobMetaModule.h */ = {isa = PBXFileReference; lastKnownFileType = sourcecode.c.h; path = PoingGodotAdMobMetaModule.h; sourceTree = "<group>"; };
		5E80AAF02A44A82F001C750F /* PoingGodotAdMobMetaModule.mm */ = {isa = PBXFileReference; lastKnownFileType = sourcecode.cpp.objcpp; path = PoingGodotAdMobMetaModule.mm; sourceTree = "<group>"; };
		5E80AAFC2A44AA77001C750F /* poing-godot-admob-vungle.a */ = {isa = PBXFileReference; explicitFileType = archive.ar; includeInIndex = 0; path = "poing-godot-admob-vungle.a"; sourceTree = BUILT_PRODUCTS_DIR; };
		5E80AAFE2A44AA77001C750F /* VunglePoingExtrasBuilder.h */ = {isa = PBXFileReference; lastKnownFileType = sourcecode.c.h; path = VunglePoingExtrasBuilder.h; sourceTree = "<group>"; };
		5E80AAFF2A44AA77001C750F /* VunglePoingExtrasBuilder.mm */ = {isa = PBXFileReference; lastKnownFileType = sourcecode.cpp.objcpp; path = VunglePoingExtrasBuilder.mm; sourceTree = "<group>"; };
		5E9575692A46998300CE30AF /* poing-godot-admob-ads.gdip */ = {isa = PBXFileReference; lastKnownFileType = text; path = "poing-godot-admob-ads.gdip"; sourceTree = "<group>"; };
		5E9F24162A8320B900148BB2 /* ads-pods.txt */ = {isa = PBXFileReference; lastKnownFileType = text; path = "ads-pods.txt"; sourceTree = "<group>"; };
		5E9F24172A8323C200148BB2 /* meta-pods.txt */ = {isa = PBXFileReference; lastKnownFileType = text; path = "meta-pods.txt"; sourceTree = "<group>"; };
		5E9F24182A8323D300148BB2 /* vungle-pods.txt */ = {isa = PBXFileReference; lastKnownFileType = text; path = "vungle-pods.txt"; sourceTree = "<group>"; };
		5E9F24192A8323E400148BB2 /* adcolony-pods.txt */ = {isa = PBXFileReference; lastKnownFileType = text; path = "adcolony-pods.txt"; sourceTree = "<group>"; };
		5EA276112A66FC5C00D5CF1E /* PoingGodotAdMobAdView.h */ = {isa = PBXFileReference; lastKnownFileType = sourcecode.c.h; path = PoingGodotAdMobAdView.h; sourceTree = "<group>"; };
		5EA276122A66FC6A00D5CF1E /* PoingGodotAdMobAdView.mm */ = {isa = PBXFileReference; lastKnownFileType = sourcecode.cpp.objcpp; path = PoingGodotAdMobAdView.mm; sourceTree = "<group>"; };
		5EA276152A67396200D5CF1E /* BannerAd.h */ = {isa = PBXFileReference; lastKnownFileType = sourcecode.c.h; path = BannerAd.h; sourceTree = "<group>"; };
		5EA276162A6739D200D5CF1E /* BannerAd.mm */ = {isa = PBXFileReference; lastKnownFileType = sourcecode.cpp.objcpp; path = BannerAd.mm; sourceTree = "<group>"; };
		5EA276182A6745CD00D5CF1E /* GodotDictionaryToObject.h */ = {isa = PBXFileReference; lastKnownFileType = sourcecode.c.h; path = GodotDictionaryToObject.h; sourceTree = "<group>"; };
		5EA276192A67461A00D5CF1E /* GodotDictionaryToObject.mm */ = {isa = PBXFileReference; lastKnownFileType = sourcecode.cpp.objcpp; path = GodotDictionaryToObject.mm; sourceTree = "<group>"; };
		5EA595972A76B06D00968B18 /* PoingGodotAdMobRewardedAd.h */ = {isa = PBXFileReference; lastKnownFileType = sourcecode.c.h; path = PoingGodotAdMobRewardedAd.h; sourceTree = "<group>"; };
		5EA595982A76B08400968B18 /* PoingGodotAdMobRewardedAd.mm */ = {isa = PBXFileReference; lastKnownFileType = sourcecode.cpp.objcpp; path = PoingGodotAdMobRewardedAd.mm; sourceTree = "<group>"; };
		5EA5959A2A76B0F200968B18 /* RewardedAd.h */ = {isa = PBXFileReference; lastKnownFileType = sourcecode.c.h; path = RewardedAd.h; sourceTree = "<group>"; };
		5EA5959B2A76B10000968B18 /* RewardedAd.mm */ = {isa = PBXFileReference; lastKnownFileType = sourcecode.cpp.objcpp; path = RewardedAd.mm; sourceTree = "<group>"; };
		5EA5959D2A76B39E00968B18 /* VectorHelper.h */ = {isa = PBXFileReference; lastKnownFileType = sourcecode.c.h; path = VectorHelper.h; sourceTree = "<group>"; };
		5EA5959E2A76C0BA00968B18 /* ObjectController.h */ = {isa = PBXFileReference; lastKnownFileType = sourcecode.c.h; path = ObjectController.h; sourceTree = "<group>"; };
		5EA5959F2A76C56500968B18 /* AdFormatBase.h */ = {isa = PBXFileReference; lastKnownFileType = sourcecode.c.h; path = AdFormatBase.h; sourceTree = "<group>"; };
		5EAB71272A847D0D008CEBB8 /* update_pods.rb */ = {isa = PBXFileReference; fileEncoding = 4; lastKnownFileType = text.script.ruby; path = update_pods.rb; sourceTree = "<group>"; };
		5EAB71282A847D0D008CEBB8 /* update_and_install.sh */ = {isa = PBXFileReference; fileEncoding = 4; lastKnownFileType = text.script.sh; path = update_and_install.sh; sourceTree = "<group>"; };
		5EAF248C2A7EBAC60050C77A /* PoingGodotAdMobVungleModule.h */ = {isa = PBXFileReference; lastKnownFileType = sourcecode.c.h; path = PoingGodotAdMobVungleModule.h; sourceTree = "<group>"; };
		5EAF248E2A7EBB040050C77A /* poing-godot-admob-vungle.gdip */ = {isa = PBXFileReference; lastKnownFileType = text; path = "poing-godot-admob-vungle.gdip"; sourceTree = "<group>"; };
		5EAF248F2A7EBB420050C77A /* PoingGodotAdMobVungleModule.mm */ = {isa = PBXFileReference; lastKnownFileType = sourcecode.cpp.objcpp; path = PoingGodotAdMobVungleModule.mm; sourceTree = "<group>"; };
		5EAF24912A7EBC350050C77A /* PoingGodotAdMobVungle.h */ = {isa = PBXFileReference; lastKnownFileType = sourcecode.c.h; path = PoingGodotAdMobVungle.h; sourceTree = "<group>"; };
		5EAF24922A7EBC3D0050C77A /* PoingGodotAdMobVungle.mm */ = {isa = PBXFileReference; lastKnownFileType = sourcecode.cpp.objcpp; path = PoingGodotAdMobVungle.mm; sourceTree = "<group>"; };
		5EAFBD1E2A7C94EA0045DAB8 /* poing-godot-admob-meta.gdip */ = {isa = PBXFileReference; lastKnownFileType = text; path = "poing-godot-admob-meta.gdip"; sourceTree = "<group>"; };
		5EAFBD1F2A7C96540045DAB8 /* PoingGodotAdMobMetaFBAdSettings.h */ = {isa = PBXFileReference; lastKnownFileType = sourcecode.c.h; path = PoingGodotAdMobMetaFBAdSettings.h; sourceTree = "<group>"; };
		5EAFBD202A7C96600045DAB8 /* PoingGodotAdMobMetaFBAdSettings.mm */ = {isa = PBXFileReference; lastKnownFileType = sourcecode.cpp.objcpp; path = PoingGodotAdMobMetaFBAdSettings.mm; sourceTree = "<group>"; };
		5EB13DE32A76FF6300054CFC /* PoingGodotAdMobRewardedInterstitialAd.h */ = {isa = PBXFileReference; lastKnownFileType = sourcecode.c.h; path = PoingGodotAdMobRewardedInterstitialAd.h; sourceTree = "<group>"; };
		5EB13DE42A76FF7800054CFC /* PoingGodotAdMobRewardedInterstitialAd.mm */ = {isa = PBXFileReference; lastKnownFileType = sourcecode.cpp.objcpp; path = PoingGodotAdMobRewardedInterstitialAd.mm; sourceTree = "<group>"; };
		5EB13DE62A77002B00054CFC /* RewardedInterstitialAd.h */ = {isa = PBXFileReference; lastKnownFileType = sourcecode.c.h; path = RewardedInterstitialAd.h; sourceTree = "<group>"; };
		5EB13DE72A77003500054CFC /* RewardedInterstitialAd.mm */ = {isa = PBXFileReference; lastKnownFileType = sourcecode.cpp.objcpp; path = RewardedInterstitialAd.mm; sourceTree = "<group>"; };
		5EB13DE92A7706A300054CFC /* PoingGodotAdMobConsentInformation.h */ = {isa = PBXFileReference; lastKnownFileType = sourcecode.c.h; path = PoingGodotAdMobConsentInformation.h; sourceTree = "<group>"; };
		5EB13DEA2A7706AE00054CFC /* PoingGodotAdMobConsentInformation.mm */ = {isa = PBXFileReference; lastKnownFileType = sourcecode.cpp.objcpp; path = PoingGodotAdMobConsentInformation.mm; sourceTree = "<group>"; };
		5EB13DEC2A773ACC00054CFC /* AdFormatBase.mm */ = {isa = PBXFileReference; lastKnownFileType = sourcecode.cpp.objcpp; path = AdFormatBase.mm; sourceTree = "<group>"; };
		5EB13DEE2A773BDB00054CFC /* PoingGodotAdMobUserMessagingPlatform.h */ = {isa = PBXFileReference; lastKnownFileType = sourcecode.c.h; path = PoingGodotAdMobUserMessagingPlatform.h; sourceTree = "<group>"; };
		5EB13DEF2A773BE600054CFC /* PoingGodotAdMobUserMessagingPlatform.mm */ = {isa = PBXFileReference; lastKnownFileType = sourcecode.cpp.objcpp; path = PoingGodotAdMobUserMessagingPlatform.mm; sourceTree = "<group>"; };
		5EB13DF22A773C9800054CFC /* PoingGodotAdMobConsentForm.h */ = {isa = PBXFileReference; lastKnownFileType = sourcecode.c.h; path = PoingGodotAdMobConsentForm.h; sourceTree = "<group>"; };
		5EB13DF32A773CA000054CFC /* PoingGodotAdMobConsentForm.mm */ = {isa = PBXFileReference; lastKnownFileType = sourcecode.cpp.objcpp; path = PoingGodotAdMobConsentForm.mm; sourceTree = "<group>"; };
		5EB63E4D2A65DF0700699D72 /* PoingGodotAdMobAdSize.mm */ = {isa = PBXFileReference; lastKnownFileType = sourcecode.cpp.objcpp; path = PoingGodotAdMobAdSize.mm; sourceTree = "<group>"; };
		5EB63E4F2A65DF1B00699D72 /* PoingGodotAdMobAdSize.h */ = {isa = PBXFileReference; lastKnownFileType = sourcecode.c.h; path = PoingGodotAdMobAdSize.h; sourceTree = "<group>"; };
		5EB7591F2A68860400523E88 /* DeviceOrientationHelper.mm */ = {isa = PBXFileReference; lastKnownFileType = sourcecode.cpp.objcpp; path = DeviceOrientationHelper.mm; sourceTree = "<group>"; };
		5EB759212A68865600523E88 /* DeviceOrientationHelper.h */ = {isa = PBXFileReference; lastKnownFileType = sourcecode.c.h; path = DeviceOrientationHelper.h; sourceTree = "<group>"; };
		5EE75CB42A4C4FD40028DBB2 /* AdColonyExtrasBuilder.h */ = {isa = PBXFileReference; lastKnownFileType = sourcecode.c.h; path = AdColonyExtrasBuilder.h; sourceTree = "<group>"; };
		5EE75CB52A4C50080028DBB2 /* AdColonyExtrasBuilder.mm */ = {isa = PBXFileReference; lastKnownFileType = sourcecode.cpp.objcpp; path = AdColonyExtrasBuilder.mm; sourceTree = "<group>"; };
		61C7338744733ACDF9608C0F /* Pods_ads.framework */ = {isa = PBXFileReference; explicitFileType = wrapper.framework; includeInIndex = 0; path = Pods_ads.framework; sourceTree = BUILT_PRODUCTS_DIR; };
		742AFBC1FC03495C7FB2232F /* Pods-adcolony.release.xcconfig */ = {isa = PBXFileReference; includeInIndex = 1; lastKnownFileType = text.xcconfig; name = "Pods-adcolony.release.xcconfig"; path = "Target Support Files/Pods-adcolony/Pods-adcolony.release.xcconfig"; sourceTree = "<group>"; };
		77E97A6160B9BA5A252D0C9F /* Pods-adcolony.debug.xcconfig */ = {isa = PBXFileReference; includeInIndex = 1; lastKnownFileType = text.xcconfig; name = "Pods-adcolony.debug.xcconfig"; path = "Target Support Files/Pods-adcolony/Pods-adcolony.debug.xcconfig"; sourceTree = "<group>"; };
		89172A20427D79238AD2E0B7 /* Pods-vungle.debug.xcconfig */ = {isa = PBXFileReference; includeInIndex = 1; lastKnownFileType = text.xcconfig; name = "Pods-vungle.debug.xcconfig"; path = "Target Support Files/Pods-vungle/Pods-vungle.debug.xcconfig"; sourceTree = "<group>"; };
		A8B8A51BD2C38CF1E7585C67 /* Pods_core.framework */ = {isa = PBXFileReference; explicitFileType = wrapper.framework; includeInIndex = 0; path = Pods_core.framework; sourceTree = BUILT_PRODUCTS_DIR; };
		C4ED341537F1C46ECD8226C4 /* Pods_vungle.framework */ = {isa = PBXFileReference; explicitFileType = wrapper.framework; includeInIndex = 0; path = Pods_vungle.framework; sourceTree = BUILT_PRODUCTS_DIR; };
		CC51F69A18027C45E6DD8B0F /* Pods-ads.debug.xcconfig */ = {isa = PBXFileReference; includeInIndex = 1; lastKnownFileType = text.xcconfig; name = "Pods-ads.debug.xcconfig"; path = "Target Support Files/Pods-ads/Pods-ads.debug.xcconfig"; sourceTree = "<group>"; };
		CE5E3845A23B1DF76DF83F92 /* Pods-vungle.release.xcconfig */ = {isa = PBXFileReference; includeInIndex = 1; lastKnownFileType = text.xcconfig; name = "Pods-vungle.release.xcconfig"; path = "Target Support Files/Pods-vungle/Pods-vungle.release.xcconfig"; sourceTree = "<group>"; };
		D543E74DDF1339C060D0B774 /* Pods-core.release.xcconfig */ = {isa = PBXFileReference; includeInIndex = 1; lastKnownFileType = text.xcconfig; name = "Pods-core.release.xcconfig"; path = "Target Support Files/Pods-core/Pods-core.release.xcconfig"; sourceTree = "<group>"; };
		D987DFBE4578E324D2F2E98E /* Pods_meta.framework */ = {isa = PBXFileReference; explicitFileType = wrapper.framework; includeInIndex = 0; path = Pods_meta.framework; sourceTree = BUILT_PRODUCTS_DIR; };
		F92044ABF829B272A03BAD3E /* Pods-core.debug.xcconfig */ = {isa = PBXFileReference; includeInIndex = 1; lastKnownFileType = text.xcconfig; name = "Pods-core.debug.xcconfig"; path = "Target Support Files/Pods-core/Pods-core.debug.xcconfig"; sourceTree = "<group>"; };
/* End PBXFileReference section */

/* Begin PBXFrameworksBuildPhase section */
		5E5BDE372A4686B20071BE86 /* Frameworks */ = {
			isa = PBXFrameworksBuildPhase;
			buildActionMask = 2147483647;
			files = (
				FD5CD28B654F484A801214C2 /* Pods_adcolony.framework in Frameworks */,
			);
			runOnlyForDeploymentPostprocessing = 0;
		};
		5E80AACD2A44A50C001C750F /* Frameworks */ = {
			isa = PBXFrameworksBuildPhase;
			buildActionMask = 2147483647;
			files = (
				3DF454CB5A80D6C4313AC810 /* Pods_ads.framework in Frameworks */,
			);
			runOnlyForDeploymentPostprocessing = 0;
		};
		5E80AADD2A44A74A001C750F /* Frameworks */ = {
			isa = PBXFrameworksBuildPhase;
			buildActionMask = 2147483647;
			files = (
				D9C6EBA1B0831032019D81C7 /* Pods_core.framework in Frameworks */,
			);
			runOnlyForDeploymentPostprocessing = 0;
		};
		5E80AAEA2A44A82E001C750F /* Frameworks */ = {
			isa = PBXFrameworksBuildPhase;
			buildActionMask = 2147483647;
			files = (
				F6F2893BCD20C5B28234938B /* Pods_meta.framework in Frameworks */,
			);
			runOnlyForDeploymentPostprocessing = 0;
		};
		5E80AAF92A44AA77001C750F /* Frameworks */ = {
			isa = PBXFrameworksBuildPhase;
			buildActionMask = 2147483647;
			files = (
				46C7E77DD2ECA925F3952036 /* Pods_vungle.framework in Frameworks */,
			);
			runOnlyForDeploymentPostprocessing = 0;
		};
/* End PBXFrameworksBuildPhase section */

/* Begin PBXGroup section */
		548AE72BDC782EBFF5BA57B2 /* Frameworks */ = {
			isa = PBXGroup;
			children = (
				306A95510670715B1760AA7A /* Pods_adcolony.framework */,
				61C7338744733ACDF9608C0F /* Pods_ads.framework */,
				A8B8A51BD2C38CF1E7585C67 /* Pods_core.framework */,
				D987DFBE4578E324D2F2E98E /* Pods_meta.framework */,
				C4ED341537F1C46ECD8226C4 /* Pods_vungle.framework */,
			);
			name = Frameworks;
			sourceTree = "<group>";
		};
		5BA9F87E99131221E0FE542B /* Pods */ = {
			isa = PBXGroup;
			children = (
				77E97A6160B9BA5A252D0C9F /* Pods-adcolony.debug.xcconfig */,
				742AFBC1FC03495C7FB2232F /* Pods-adcolony.release.xcconfig */,
				CC51F69A18027C45E6DD8B0F /* Pods-ads.debug.xcconfig */,
				0D0C9E5FF32E0DDCEDE2E41C /* Pods-ads.release.xcconfig */,
				F92044ABF829B272A03BAD3E /* Pods-core.debug.xcconfig */,
				D543E74DDF1339C060D0B774 /* Pods-core.release.xcconfig */,
				423FD0383D3ACB01587A333D /* Pods-meta.debug.xcconfig */,
				001FDF7CA428980BF8E6E60F /* Pods-meta.release.xcconfig */,
				89172A20427D79238AD2E0B7 /* Pods-vungle.debug.xcconfig */,
				CE5E3845A23B1DF76DF83F92 /* Pods-vungle.release.xcconfig */,
			);
			path = Pods;
			sourceTree = "<group>";
		};
		5E08983E2A4B959D0066A53A /* config */ = {
			isa = PBXGroup;
			children = (
				5EAB712C2A847E1C008CEBB8 /* libs */,
				5E08983F2A4B95B50066A53A /* poing-godot-admob-adcolony.gdip */,
			);
			path = config;
			sourceTree = "<group>";
		};
		5E5BDE3B2A4686B20071BE86 /* adcolony */ = {
			isa = PBXGroup;
			children = (
				5E08983E2A4B959D0066A53A /* config */,
				5E5BDE3C2A4686B20071BE86 /* PoingGodotAdMobAdColonyModule.h */,
				5E5BDE3D2A4686B20071BE86 /* PoingGodotAdMobAdColonyModule.mm */,
				5E08983B2A4B91C80066A53A /* PoingGodotAdMobAdColonyAppOptions.h */,
				5E08983C2A4B91E30066A53A /* PoingGodotAdMobAdColonyAppOptions.mm */,
				5EE75CB42A4C4FD40028DBB2 /* AdColonyExtrasBuilder.h */,
				5EE75CB52A4C50080028DBB2 /* AdColonyExtrasBuilder.mm */,
			);
			path = adcolony;
			sourceTree = "<group>";
		};
		5E63D64C2A6461B300BDC600 /* converters */ = {
			isa = PBXGroup;
			children = (
				5E63D64D2A64632D00BDC600 /* ObjectToGodotDictionary.h */,
				5E63D64E2A64636100BDC600 /* ObjectToGodotDictionary.mm */,
				5EA276182A6745CD00D5CF1E /* GodotDictionaryToObject.h */,
				5EA276192A67461A00D5CF1E /* GodotDictionaryToObject.mm */,
			);
			path = converters;
			sourceTree = "<group>";
		};
		5E80AAC72A44A50C001C750F = {
			isa = PBXGroup;
			children = (
				5E80AAF72A44A84B001C750F /* src */,
				5E80AAD12A44A50C001C750F /* Products */,
				5BA9F87E99131221E0FE542B /* Pods */,
				548AE72BDC782EBFF5BA57B2 /* Frameworks */,
			);
			sourceTree = "<group>";
		};
		5E80AAD12A44A50C001C750F /* Products */ = {
			isa = PBXGroup;
			children = (
				5E80AAD02A44A50C001C750F /* poing-godot-admob-ads.a */,
				5E80AAE02A44A74A001C750F /* poing-godot-admob-core.a */,
				5E80AAED2A44A82E001C750F /* poing-godot-admob-meta.a */,
				5E80AAFC2A44AA77001C750F /* poing-godot-admob-vungle.a */,
				5E5BDE3A2A4686B20071BE86 /* poing-godot-admob-adcolony.a */,
			);
			name = Products;
			sourceTree = "<group>";
		};
		5E80AAD22A44A50C001C750F /* ads */ = {
			isa = PBXGroup;
			children = (
				5EB7591E2A6885EA00523E88 /* helpers */,
				5EA276142A6738B700D5CF1E /* adformats */,
				5E63D64C2A6461B300BDC600 /* converters */,
				5EB13DF12A773C2000054CFC /* ump */,
				5E9575682A46997400CE30AF /* config */,
				5EA5959E2A76C0BA00968B18 /* ObjectController.h */,
				5E80AAD32A44A50C001C750F /* PoingGodotAdMob.h */,
				5E80AAD42A44A50C001C750F /* PoingGodotAdMob.mm */,
				5E5BDE162A4632300071BE86 /* PoingGodotAdMobModule.h */,
				5E5BDE172A4632770071BE86 /* PoingGodotAdMobModule.mm */,
				5EB63E4F2A65DF1B00699D72 /* PoingGodotAdMobAdSize.h */,
				5EB63E4D2A65DF0700699D72 /* PoingGodotAdMobAdSize.mm */,
				5EA276112A66FC5C00D5CF1E /* PoingGodotAdMobAdView.h */,
				5EA276122A66FC6A00D5CF1E /* PoingGodotAdMobAdView.mm */,
				5E027D872A74A75C001551B6 /* PoingGodotAdMobInterstitialAd.h */,
				5E027D882A74A770001551B6 /* PoingGodotAdMobInterstitialAd.mm */,
				5EA595972A76B06D00968B18 /* PoingGodotAdMobRewardedAd.h */,
				5EA595982A76B08400968B18 /* PoingGodotAdMobRewardedAd.mm */,
				5EB13DE32A76FF6300054CFC /* PoingGodotAdMobRewardedInterstitialAd.h */,
				5EB13DE42A76FF7800054CFC /* PoingGodotAdMobRewardedInterstitialAd.mm */,
				5EB13DE92A7706A300054CFC /* PoingGodotAdMobConsentInformation.h */,
				5EB13DEA2A7706AE00054CFC /* PoingGodotAdMobConsentInformation.mm */,
				5EB13DEE2A773BDB00054CFC /* PoingGodotAdMobUserMessagingPlatform.h */,
				5EB13DEF2A773BE600054CFC /* PoingGodotAdMobUserMessagingPlatform.mm */,
			);
			path = ads;
			sourceTree = "<group>";
		};
		5E80AAE12A44A74A001C750F /* core */ = {
			isa = PBXGroup;
			children = (
				5E80AAE22A44A74A001C750F /* AdNetworkExtras.h */,
				5E80AAE32A44A74A001C750F /* AdNetworkExtras.mm */,
			);
			path = core;
			sourceTree = "<group>";
		};
		5E80AAEE2A44A82F001C750F /* meta */ = {
			isa = PBXGroup;
			children = (
				5EAFBD1D2A7C94B30045DAB8 /* config */,
				5E80AAEF2A44A82F001C750F /* PoingGodotAdMobMetaModule.h */,
				5E80AAF02A44A82F001C750F /* PoingGodotAdMobMetaModule.mm */,
				5EAFBD1F2A7C96540045DAB8 /* PoingGodotAdMobMetaFBAdSettings.h */,
				5EAFBD202A7C96600045DAB8 /* PoingGodotAdMobMetaFBAdSettings.mm */,
			);
			path = meta;
			sourceTree = "<group>";
		};
		5E80AAF62A44A835001C750F /* mediation */ = {
			isa = PBXGroup;
			children = (
				5E5BDE3B2A4686B20071BE86 /* adcolony */,
				5E80AAFD2A44AA77001C750F /* vungle */,
				5E80AAEE2A44A82F001C750F /* meta */,
			);
			path = mediation;
			sourceTree = "<group>";
		};
		5E80AAF72A44A84B001C750F /* src */ = {
			isa = PBXGroup;
			children = (
				5E80AAF62A44A835001C750F /* mediation */,
				5E80AAD22A44A50C001C750F /* ads */,
				5E80AAE12A44A74A001C750F /* core */,
			);
			path = src;
			sourceTree = "<group>";
		};
		5E80AAFD2A44AA77001C750F /* vungle */ = {
			isa = PBXGroup;
			children = (
				5EAF248D2A7EBAF20050C77A /* config */,
				5E80AAFE2A44AA77001C750F /* VunglePoingExtrasBuilder.h */,
				5E80AAFF2A44AA77001C750F /* VunglePoingExtrasBuilder.mm */,
				5EAF248C2A7EBAC60050C77A /* PoingGodotAdMobVungleModule.h */,
				5EAF248F2A7EBB420050C77A /* PoingGodotAdMobVungleModule.mm */,
				5EAF24912A7EBC350050C77A /* PoingGodotAdMobVungle.h */,
				5EAF24922A7EBC3D0050C77A /* PoingGodotAdMobVungle.mm */,
			);
			path = vungle;
			sourceTree = "<group>";
		};
		5E9575682A46997400CE30AF /* config */ = {
			isa = PBXGroup;
			children = (
				5EAB71262A847CF1008CEBB8 /* scripts */,
				5EAB71252A847CE6008CEBB8 /* libs */,
				5E9575692A46998300CE30AF /* poing-godot-admob-ads.gdip */,
			);
			path = config;
			sourceTree = "<group>";
		};
		5EA276142A6738B700D5CF1E /* adformats */ = {
			isa = PBXGroup;
			children = (
				5EA5959F2A76C56500968B18 /* AdFormatBase.h */,
				5EB13DEC2A773ACC00054CFC /* AdFormatBase.mm */,
				5EA276152A67396200D5CF1E /* BannerAd.h */,
				5EA276162A6739D200D5CF1E /* BannerAd.mm */,
				5E38B5D92A7546D100E35218 /* InterstitialAd.h */,
				5E38B5DA2A7546EF00E35218 /* InterstitialAd.mm */,
				5EA5959A2A76B0F200968B18 /* RewardedAd.h */,
				5EA5959B2A76B10000968B18 /* RewardedAd.mm */,
				5EB13DE62A77002B00054CFC /* RewardedInterstitialAd.h */,
				5EB13DE72A77003500054CFC /* RewardedInterstitialAd.mm */,
			);
			path = adformats;
			sourceTree = "<group>";
		};
		5EAB71252A847CE6008CEBB8 /* libs */ = {
			isa = PBXGroup;
			children = (
				5E9F24162A8320B900148BB2 /* ads-pods.txt */,
			);
			path = libs;
			sourceTree = "<group>";
		};
		5EAB71262A847CF1008CEBB8 /* scripts */ = {
			isa = PBXGroup;
			children = (
				5EAB71282A847D0D008CEBB8 /* update_and_install.sh */,
				5EAB71272A847D0D008CEBB8 /* update_pods.rb */,
			);
			path = scripts;
			sourceTree = "<group>";
		};
		5EAB712A2A847E0E008CEBB8 /* libs */ = {
			isa = PBXGroup;
			children = (
				5E9F24172A8323C200148BB2 /* meta-pods.txt */,
			);
			path = libs;
			sourceTree = "<group>";
		};
		5EAB712B2A847E16008CEBB8 /* libs */ = {
			isa = PBXGroup;
			children = (
				5E9F24182A8323D300148BB2 /* vungle-pods.txt */,
			);
			path = libs;
			sourceTree = "<group>";
		};
		5EAB712C2A847E1C008CEBB8 /* libs */ = {
			isa = PBXGroup;
			children = (
				5E9F24192A8323E400148BB2 /* adcolony-pods.txt */,
			);
			path = libs;
			sourceTree = "<group>";
		};
		5EAF248D2A7EBAF20050C77A /* config */ = {
			isa = PBXGroup;
			children = (
				5EAB712B2A847E16008CEBB8 /* libs */,
				5EAF248E2A7EBB040050C77A /* poing-godot-admob-vungle.gdip */,
			);
			path = config;
			sourceTree = "<group>";
		};
		5EAFBD1D2A7C94B30045DAB8 /* config */ = {
			isa = PBXGroup;
			children = (
				5EAB712A2A847E0E008CEBB8 /* libs */,
				5EAFBD1E2A7C94EA0045DAB8 /* poing-godot-admob-meta.gdip */,
			);
			path = config;
			sourceTree = "<group>";
		};
		5EB13DF12A773C2000054CFC /* ump */ = {
			isa = PBXGroup;
			children = (
				5EB13DF22A773C9800054CFC /* PoingGodotAdMobConsentForm.h */,
				5EB13DF32A773CA000054CFC /* PoingGodotAdMobConsentForm.mm */,
			);
			path = ump;
			sourceTree = "<group>";
		};
		5EB7591E2A6885EA00523E88 /* helpers */ = {
			isa = PBXGroup;
			children = (
				5EB7591F2A68860400523E88 /* DeviceOrientationHelper.mm */,
				5EB759212A68865600523E88 /* DeviceOrientationHelper.h */,
				5EA5959D2A76B39E00968B18 /* VectorHelper.h */,
				5E01263E2AE8A13100E487EC /* PluginConfiguration.h */,
			);
			path = helpers;
			sourceTree = "<group>";
		};
/* End PBXGroup section */

/* Begin PBXNativeTarget section */
		5E5BDE392A4686B20071BE86 /* adcolony */ = {
			isa = PBXNativeTarget;
			buildConfigurationList = 5E5BDE402A4686B20071BE86 /* Build configuration list for PBXNativeTarget "adcolony" */;
			buildPhases = (
				77305D60533466AC1D3C291C /* [CP] Check Pods Manifest.lock */,
				5E5BDE362A4686B20071BE86 /* Sources */,
				5E5BDE372A4686B20071BE86 /* Frameworks */,
				5E5BDE382A4686B20071BE86 /* CopyFiles */,
			);
			buildRules = (
			);
			dependencies = (
			);
			name = adcolony;
			productName = AdColony;
			productReference = 5E5BDE3A2A4686B20071BE86 /* poing-godot-admob-adcolony.a */;
			productType = "com.apple.product-type.library.static";
		};
		5E80AACF2A44A50C001C750F /* ads */ = {
			isa = PBXNativeTarget;
			buildConfigurationList = 5E80AAD92A44A50C001C750F /* Build configuration list for PBXNativeTarget "ads" */;
			buildPhases = (
				DB4D04EC121EA5EE0B20FBCA /* [CP] Check Pods Manifest.lock */,
				5E80AACC2A44A50C001C750F /* Sources */,
				5E80AACD2A44A50C001C750F /* Frameworks */,
				5E80AACE2A44A50C001C750F /* CopyFiles */,
			);
			buildRules = (
			);
			dependencies = (
			);
			name = ads;
			productName = PoingGodotAdMob;
			productReference = 5E80AAD02A44A50C001C750F /* poing-godot-admob-ads.a */;
			productType = "com.apple.product-type.library.static";
		};
		5E80AADF2A44A74A001C750F /* core */ = {
			isa = PBXNativeTarget;
			buildConfigurationList = 5E80AAE62A44A74A001C750F /* Build configuration list for PBXNativeTarget "core" */;
			buildPhases = (
				C342CDA54250E29C2D660CA3 /* [CP] Check Pods Manifest.lock */,
				5E80AADC2A44A74A001C750F /* Sources */,
				5E80AADD2A44A74A001C750F /* Frameworks */,
				5E80AADE2A44A74A001C750F /* CopyFiles */,
			);
			buildRules = (
			);
			dependencies = (
			);
			name = core;
			productName = Core;
			productReference = 5E80AAE02A44A74A001C750F /* poing-godot-admob-core.a */;
			productType = "com.apple.product-type.library.static";
		};
		5E80AAEC2A44A82E001C750F /* meta */ = {
			isa = PBXNativeTarget;
			buildConfigurationList = 5E80AAF32A44A82F001C750F /* Build configuration list for PBXNativeTarget "meta" */;
			buildPhases = (
				4CFE71E1FDD81E7719866BB0 /* [CP] Check Pods Manifest.lock */,
				5E80AAE92A44A82E001C750F /* Sources */,
				5E80AAEA2A44A82E001C750F /* Frameworks */,
				5E80AAEB2A44A82E001C750F /* CopyFiles */,
			);
			buildRules = (
			);
			dependencies = (
			);
			name = meta;
			productName = Meta;
			productReference = 5E80AAED2A44A82E001C750F /* poing-godot-admob-meta.a */;
			productType = "com.apple.product-type.library.static";
		};
		5E80AAFB2A44AA77001C750F /* vungle */ = {
			isa = PBXNativeTarget;
			buildConfigurationList = 5E80AB022A44AA77001C750F /* Build configuration list for PBXNativeTarget "vungle" */;
			buildPhases = (
				37DB8ADFA2D527C78242DA1E /* [CP] Check Pods Manifest.lock */,
				5E80AAF82A44AA77001C750F /* Sources */,
				5E80AAF92A44AA77001C750F /* Frameworks */,
				5E80AAFA2A44AA77001C750F /* CopyFiles */,
			);
			buildRules = (
			);
			dependencies = (
			);
			name = vungle;
			productName = Vungle;
			productReference = 5E80AAFC2A44AA77001C750F /* poing-godot-admob-vungle.a */;
			productType = "com.apple.product-type.library.static";
		};
/* End PBXNativeTarget section */

/* Begin PBXProject section */
		5E80AAC82A44A50C001C750F /* Project object */ = {
			isa = PBXProject;
			attributes = {
				BuildIndependentTargetsInParallel = 1;
				LastUpgradeCheck = 1420;
				TargetAttributes = {
					5E5BDE392A4686B20071BE86 = {
						CreatedOnToolsVersion = 14.2;
					};
					5E80AACF2A44A50C001C750F = {
						CreatedOnToolsVersion = 14.2;
					};
					5E80AADF2A44A74A001C750F = {
						CreatedOnToolsVersion = 14.2;
					};
					5E80AAEC2A44A82E001C750F = {
						CreatedOnToolsVersion = 14.2;
					};
					5E80AAFB2A44AA77001C750F = {
						CreatedOnToolsVersion = 14.2;
					};
				};
			};
			buildConfigurationList = 5E80AACB2A44A50C001C750F /* Build configuration list for PBXProject "PoingGodotAdMob" */;
			compatibilityVersion = "Xcode 14.0";
			developmentRegion = en;
			hasScannedForEncodings = 0;
			knownRegions = (
				en,
				Base,
			);
			mainGroup = 5E80AAC72A44A50C001C750F;
			productRefGroup = 5E80AAD12A44A50C001C750F /* Products */;
			projectDirPath = "";
			projectRoot = "";
			targets = (
				5E80AACF2A44A50C001C750F /* ads */,
				5E80AADF2A44A74A001C750F /* core */,
				5E80AAEC2A44A82E001C750F /* meta */,
				5E80AAFB2A44AA77001C750F /* vungle */,
				5E5BDE392A4686B20071BE86 /* adcolony */,
			);
		};
/* End PBXProject section */

/* Begin PBXShellScriptBuildPhase section */
		37DB8ADFA2D527C78242DA1E /* [CP] Check Pods Manifest.lock */ = {
			isa = PBXShellScriptBuildPhase;
			buildActionMask = 2147483647;
			files = (
			);
			inputFileListPaths = (
			);
			inputPaths = (
				"${PODS_PODFILE_DIR_PATH}/Podfile.lock",
				"${PODS_ROOT}/Manifest.lock",
			);
			name = "[CP] Check Pods Manifest.lock";
			outputFileListPaths = (
			);
			outputPaths = (
				"$(DERIVED_FILE_DIR)/Pods-vungle-checkManifestLockResult.txt",
			);
			runOnlyForDeploymentPostprocessing = 0;
			shellPath = /bin/sh;
			shellScript = "diff \"${PODS_PODFILE_DIR_PATH}/Podfile.lock\" \"${PODS_ROOT}/Manifest.lock\" > /dev/null\nif [ $? != 0 ] ; then\n    # print error to STDERR\n    echo \"error: The sandbox is not in sync with the Podfile.lock. Run 'pod install' or update your CocoaPods installation.\" >&2\n    exit 1\nfi\n# This output is used by Xcode 'outputs' to avoid re-running this script phase.\necho \"SUCCESS\" > \"${SCRIPT_OUTPUT_FILE_0}\"\n";
			showEnvVarsInLog = 0;
		};
		4CFE71E1FDD81E7719866BB0 /* [CP] Check Pods Manifest.lock */ = {
			isa = PBXShellScriptBuildPhase;
			buildActionMask = 2147483647;
			files = (
			);
			inputFileListPaths = (
			);
			inputPaths = (
				"${PODS_PODFILE_DIR_PATH}/Podfile.lock",
				"${PODS_ROOT}/Manifest.lock",
			);
			name = "[CP] Check Pods Manifest.lock";
			outputFileListPaths = (
			);
			outputPaths = (
				"$(DERIVED_FILE_DIR)/Pods-meta-checkManifestLockResult.txt",
			);
			runOnlyForDeploymentPostprocessing = 0;
			shellPath = /bin/sh;
			shellScript = "diff \"${PODS_PODFILE_DIR_PATH}/Podfile.lock\" \"${PODS_ROOT}/Manifest.lock\" > /dev/null\nif [ $? != 0 ] ; then\n    # print error to STDERR\n    echo \"error: The sandbox is not in sync with the Podfile.lock. Run 'pod install' or update your CocoaPods installation.\" >&2\n    exit 1\nfi\n# This output is used by Xcode 'outputs' to avoid re-running this script phase.\necho \"SUCCESS\" > \"${SCRIPT_OUTPUT_FILE_0}\"\n";
			showEnvVarsInLog = 0;
		};
		77305D60533466AC1D3C291C /* [CP] Check Pods Manifest.lock */ = {
			isa = PBXShellScriptBuildPhase;
			buildActionMask = 2147483647;
			files = (
			);
			inputFileListPaths = (
			);
			inputPaths = (
				"${PODS_PODFILE_DIR_PATH}/Podfile.lock",
				"${PODS_ROOT}/Manifest.lock",
			);
			name = "[CP] Check Pods Manifest.lock";
			outputFileListPaths = (
			);
			outputPaths = (
				"$(DERIVED_FILE_DIR)/Pods-adcolony-checkManifestLockResult.txt",
			);
			runOnlyForDeploymentPostprocessing = 0;
			shellPath = /bin/sh;
			shellScript = "diff \"${PODS_PODFILE_DIR_PATH}/Podfile.lock\" \"${PODS_ROOT}/Manifest.lock\" > /dev/null\nif [ $? != 0 ] ; then\n    # print error to STDERR\n    echo \"error: The sandbox is not in sync with the Podfile.lock. Run 'pod install' or update your CocoaPods installation.\" >&2\n    exit 1\nfi\n# This output is used by Xcode 'outputs' to avoid re-running this script phase.\necho \"SUCCESS\" > \"${SCRIPT_OUTPUT_FILE_0}\"\n";
			showEnvVarsInLog = 0;
		};
		C342CDA54250E29C2D660CA3 /* [CP] Check Pods Manifest.lock */ = {
			isa = PBXShellScriptBuildPhase;
			buildActionMask = 2147483647;
			files = (
			);
			inputFileListPaths = (
			);
			inputPaths = (
				"${PODS_PODFILE_DIR_PATH}/Podfile.lock",
				"${PODS_ROOT}/Manifest.lock",
			);
			name = "[CP] Check Pods Manifest.lock";
			outputFileListPaths = (
			);
			outputPaths = (
				"$(DERIVED_FILE_DIR)/Pods-core-checkManifestLockResult.txt",
			);
			runOnlyForDeploymentPostprocessing = 0;
			shellPath = /bin/sh;
			shellScript = "diff \"${PODS_PODFILE_DIR_PATH}/Podfile.lock\" \"${PODS_ROOT}/Manifest.lock\" > /dev/null\nif [ $? != 0 ] ; then\n    # print error to STDERR\n    echo \"error: The sandbox is not in sync with the Podfile.lock. Run 'pod install' or update your CocoaPods installation.\" >&2\n    exit 1\nfi\n# This output is used by Xcode 'outputs' to avoid re-running this script phase.\necho \"SUCCESS\" > \"${SCRIPT_OUTPUT_FILE_0}\"\n";
			showEnvVarsInLog = 0;
		};
		DB4D04EC121EA5EE0B20FBCA /* [CP] Check Pods Manifest.lock */ = {
			isa = PBXShellScriptBuildPhase;
			buildActionMask = 2147483647;
			files = (
			);
			inputFileListPaths = (
			);
			inputPaths = (
				"${PODS_PODFILE_DIR_PATH}/Podfile.lock",
				"${PODS_ROOT}/Manifest.lock",
			);
			name = "[CP] Check Pods Manifest.lock";
			outputFileListPaths = (
			);
			outputPaths = (
				"$(DERIVED_FILE_DIR)/Pods-ads-checkManifestLockResult.txt",
			);
			runOnlyForDeploymentPostprocessing = 0;
			shellPath = /bin/sh;
			shellScript = "diff \"${PODS_PODFILE_DIR_PATH}/Podfile.lock\" \"${PODS_ROOT}/Manifest.lock\" > /dev/null\nif [ $? != 0 ] ; then\n    # print error to STDERR\n    echo \"error: The sandbox is not in sync with the Podfile.lock. Run 'pod install' or update your CocoaPods installation.\" >&2\n    exit 1\nfi\n# This output is used by Xcode 'outputs' to avoid re-running this script phase.\necho \"SUCCESS\" > \"${SCRIPT_OUTPUT_FILE_0}\"\n";
			showEnvVarsInLog = 0;
		};
/* End PBXShellScriptBuildPhase section */

/* Begin PBXSourcesBuildPhase section */
		5E5BDE362A4686B20071BE86 /* Sources */ = {
			isa = PBXSourcesBuildPhase;
			buildActionMask = 2147483647;
			files = (
				5E5BDE3E2A4686B20071BE86 /* PoingGodotAdMobAdColonyModule.mm in Sources */,
				5EE75CB62A4C50080028DBB2 /* AdColonyExtrasBuilder.mm in Sources */,
				5E08983D2A4B91E30066A53A /* PoingGodotAdMobAdColonyAppOptions.mm in Sources */,
			);
			runOnlyForDeploymentPostprocessing = 0;
		};
		5E80AACC2A44A50C001C750F /* Sources */ = {
			isa = PBXSourcesBuildPhase;
			buildActionMask = 2147483647;
			files = (
				5EB13DE82A77003500054CFC /* RewardedInterstitialAd.mm in Sources */,
				5E027D892A74A770001551B6 /* PoingGodotAdMobInterstitialAd.mm in Sources */,
				5EB13DED2A773ACC00054CFC /* AdFormatBase.mm in Sources */,
				5E38B5DB2A7546EF00E35218 /* InterstitialAd.mm in Sources */,
				5EB13DF42A773CA000054CFC /* PoingGodotAdMobConsentForm.mm in Sources */,
				5EA5959C2A76B10000968B18 /* RewardedAd.mm in Sources */,
				5EB759202A68860400523E88 /* DeviceOrientationHelper.mm in Sources */,
				5E80AAD52A44A50C001C750F /* PoingGodotAdMob.mm in Sources */,
				5EA2761A2A67461A00D5CF1E /* GodotDictionaryToObject.mm in Sources */,
				5EA276172A6739D200D5CF1E /* BannerAd.mm in Sources */,
				5E63D64F2A64636100BDC600 /* ObjectToGodotDictionary.mm in Sources */,
				5EA595992A76B08400968B18 /* PoingGodotAdMobRewardedAd.mm in Sources */,
				5EB13DEB2A7706AE00054CFC /* PoingGodotAdMobConsentInformation.mm in Sources */,
				5EB13DE52A76FF7800054CFC /* PoingGodotAdMobRewardedInterstitialAd.mm in Sources */,
				5EB13DF02A773BE600054CFC /* PoingGodotAdMobUserMessagingPlatform.mm in Sources */,
				5E5BDE182A4632770071BE86 /* PoingGodotAdMobModule.mm in Sources */,
				5EB63E4E2A65DF0700699D72 /* PoingGodotAdMobAdSize.mm in Sources */,
				5EA276132A66FC6A00D5CF1E /* PoingGodotAdMobAdView.mm in Sources */,
			);
			runOnlyForDeploymentPostprocessing = 0;
		};
		5E80AADC2A44A74A001C750F /* Sources */ = {
			isa = PBXSourcesBuildPhase;
			buildActionMask = 2147483647;
			files = (
				5E80AAE42A44A74A001C750F /* AdNetworkExtras.mm in Sources */,
			);
			runOnlyForDeploymentPostprocessing = 0;
		};
		5E80AAE92A44A82E001C750F /* Sources */ = {
			isa = PBXSourcesBuildPhase;
			buildActionMask = 2147483647;
			files = (
				5EAFBD212A7C96600045DAB8 /* PoingGodotAdMobMetaFBAdSettings.mm in Sources */,
				5E80AAF12A44A82F001C750F /* PoingGodotAdMobMetaModule.mm in Sources */,
			);
			runOnlyForDeploymentPostprocessing = 0;
		};
		5E80AAF82A44AA77001C750F /* Sources */ = {
			isa = PBXSourcesBuildPhase;
			buildActionMask = 2147483647;
			files = (
				5EAF24902A7EBB420050C77A /* PoingGodotAdMobVungleModule.mm in Sources */,
				5EAF24932A7EBC3D0050C77A /* PoingGodotAdMobVungle.mm in Sources */,
				5E80AB002A44AA77001C750F /* VunglePoingExtrasBuilder.mm in Sources */,
			);
			runOnlyForDeploymentPostprocessing = 0;
		};
/* End PBXSourcesBuildPhase section */

/* Begin XCBuildConfiguration section */
		5E5BDE412A4686B20071BE86 /* Debug */ = {
			isa = XCBuildConfiguration;
			baseConfigurationReference = 77E97A6160B9BA5A252D0C9F /* Pods-adcolony.debug.xcconfig */;
			buildSettings = {
				CLANG_CXX_LANGUAGE_STANDARD = "gnu++17";
				CODE_SIGN_STYLE = Automatic;
				EXECUTABLE_PREFIX = "poing-godot-admob-";
				HEADER_SEARCH_PATHS = (
					"$(SRCROOT)/../godot/platform/ios",
					"$(SRCROOT)/../godot",
				);
				OTHER_CFLAGS = (
					"-fcxx-modules",
					"-g",
					"-DDEBUG",
					"-DDEBUG_ENABLED",
					"-DDEBUG_MEMORY_ALLOC",
					"-DDISABLE_FORCED_INLINE",
					"-DTYPED_METHOD_BIND",
					"-fmodules",
					"-DIPHONE_ENABLED",
					"-DUNIX_ENABLED",
					"-DCOREAUDIO_ENABLED",
				);
				OTHER_LDFLAGS = "-ObjC";
				PRODUCT_NAME = "$(TARGET_NAME)";
				SKIP_INSTALL = YES;
				TARGETED_DEVICE_FAMILY = "1,2";
			};
			name = Debug;
		};
		5E5BDE422A4686B20071BE86 /* Release */ = {
			isa = XCBuildConfiguration;
			baseConfigurationReference = 742AFBC1FC03495C7FB2232F /* Pods-adcolony.release.xcconfig */;
			buildSettings = {
				CLANG_CXX_LANGUAGE_STANDARD = "gnu++17";
				CODE_SIGN_STYLE = Automatic;
				EXECUTABLE_PREFIX = "poing-godot-admob-";
				HEADER_SEARCH_PATHS = (
					"$(SRCROOT)/../godot/platform/ios",
					"$(SRCROOT)/../godot",
				);
				OTHER_CFLAGS = (
					"-fcxx-modules",
					"-fmodules",
				);
				OTHER_LDFLAGS = "-ObjC";
				PRODUCT_NAME = "$(TARGET_NAME)";
				SKIP_INSTALL = YES;
				TARGETED_DEVICE_FAMILY = "1,2";
			};
			name = Release;
		};
		5E80AAD72A44A50C001C750F /* Debug */ = {
			isa = XCBuildConfiguration;
			buildSettings = {
				ALWAYS_SEARCH_USER_PATHS = NO;
				CLANG_ANALYZER_NONNULL = YES;
				CLANG_ANALYZER_NUMBER_OBJECT_CONVERSION = YES_AGGRESSIVE;
				CLANG_CXX_LANGUAGE_STANDARD = "gnu++14";
				CLANG_ENABLE_MODULES = YES;
				CLANG_ENABLE_OBJC_ARC = YES;
				CLANG_ENABLE_OBJC_WEAK = YES;
				CLANG_WARN_BLOCK_CAPTURE_AUTORELEASING = YES;
				CLANG_WARN_BOOL_CONVERSION = YES;
				CLANG_WARN_COMMA = YES;
				CLANG_WARN_CONSTANT_CONVERSION = YES;
				CLANG_WARN_DEPRECATED_OBJC_IMPLEMENTATIONS = YES;
				CLANG_WARN_DIRECT_OBJC_ISA_USAGE = YES_ERROR;
				CLANG_WARN_DOCUMENTATION_COMMENTS = YES;
				CLANG_WARN_EMPTY_BODY = YES;
				CLANG_WARN_ENUM_CONVERSION = YES;
				CLANG_WARN_INFINITE_RECURSION = YES;
				CLANG_WARN_INT_CONVERSION = YES;
				CLANG_WARN_NON_LITERAL_NULL_CONVERSION = YES;
				CLANG_WARN_OBJC_IMPLICIT_RETAIN_SELF = YES;
				CLANG_WARN_OBJC_LITERAL_CONVERSION = YES;
				CLANG_WARN_OBJC_ROOT_CLASS = YES_ERROR;
				CLANG_WARN_QUOTED_INCLUDE_IN_FRAMEWORK_HEADER = YES;
				CLANG_WARN_RANGE_LOOP_ANALYSIS = YES;
				CLANG_WARN_STRICT_PROTOTYPES = YES;
				CLANG_WARN_SUSPICIOUS_MOVE = YES;
				CLANG_WARN_UNGUARDED_AVAILABILITY = YES_AGGRESSIVE;
				CLANG_WARN_UNREACHABLE_CODE = YES;
				CLANG_WARN__DUPLICATE_METHOD_MATCH = YES;
				COPY_PHASE_STRIP = NO;
				DEBUG_INFORMATION_FORMAT = dwarf;
				ENABLE_STRICT_OBJC_MSGSEND = YES;
				ENABLE_TESTABILITY = YES;
				GCC_C_LANGUAGE_STANDARD = gnu11;
				GCC_DYNAMIC_NO_PIC = NO;
				GCC_NO_COMMON_BLOCKS = YES;
				GCC_OPTIMIZATION_LEVEL = 0;
				GCC_PREPROCESSOR_DEFINITIONS = (
					"DEBUG=1",
					"$(inherited)",
				);
				GCC_WARN_64_TO_32_BIT_CONVERSION = YES;
				GCC_WARN_ABOUT_RETURN_TYPE = YES_ERROR;
				GCC_WARN_UNDECLARED_SELECTOR = YES;
				GCC_WARN_UNINITIALIZED_AUTOS = YES_AGGRESSIVE;
				GCC_WARN_UNUSED_FUNCTION = YES;
				GCC_WARN_UNUSED_VARIABLE = YES;
				IPHONEOS_DEPLOYMENT_TARGET = 16.2;
				MTL_ENABLE_DEBUG_INFO = INCLUDE_SOURCE;
				MTL_FAST_MATH = YES;
				ONLY_ACTIVE_ARCH = YES;
				SDKROOT = iphoneos;
			};
			name = Debug;
		};
		5E80AAD82A44A50C001C750F /* Release */ = {
			isa = XCBuildConfiguration;
			buildSettings = {
				ALWAYS_SEARCH_USER_PATHS = NO;
				CLANG_ANALYZER_NONNULL = YES;
				CLANG_ANALYZER_NUMBER_OBJECT_CONVERSION = YES_AGGRESSIVE;
				CLANG_CXX_LANGUAGE_STANDARD = "gnu++14";
				CLANG_ENABLE_MODULES = YES;
				CLANG_ENABLE_OBJC_ARC = YES;
				CLANG_ENABLE_OBJC_WEAK = YES;
				CLANG_WARN_BLOCK_CAPTURE_AUTORELEASING = YES;
				CLANG_WARN_BOOL_CONVERSION = YES;
				CLANG_WARN_COMMA = YES;
				CLANG_WARN_CONSTANT_CONVERSION = YES;
				CLANG_WARN_DEPRECATED_OBJC_IMPLEMENTATIONS = YES;
				CLANG_WARN_DIRECT_OBJC_ISA_USAGE = YES_ERROR;
				CLANG_WARN_DOCUMENTATION_COMMENTS = YES;
				CLANG_WARN_EMPTY_BODY = YES;
				CLANG_WARN_ENUM_CONVERSION = YES;
				CLANG_WARN_INFINITE_RECURSION = YES;
				CLANG_WARN_INT_CONVERSION = YES;
				CLANG_WARN_NON_LITERAL_NULL_CONVERSION = YES;
				CLANG_WARN_OBJC_IMPLICIT_RETAIN_SELF = YES;
				CLANG_WARN_OBJC_LITERAL_CONVERSION = YES;
				CLANG_WARN_OBJC_ROOT_CLASS = YES_ERROR;
				CLANG_WARN_QUOTED_INCLUDE_IN_FRAMEWORK_HEADER = YES;
				CLANG_WARN_RANGE_LOOP_ANALYSIS = YES;
				CLANG_WARN_STRICT_PROTOTYPES = YES;
				CLANG_WARN_SUSPICIOUS_MOVE = YES;
				CLANG_WARN_UNGUARDED_AVAILABILITY = YES_AGGRESSIVE;
				CLANG_WARN_UNREACHABLE_CODE = YES;
				CLANG_WARN__DUPLICATE_METHOD_MATCH = YES;
				COPY_PHASE_STRIP = NO;
				DEBUG_INFORMATION_FORMAT = "dwarf-with-dsym";
				ENABLE_NS_ASSERTIONS = NO;
				ENABLE_STRICT_OBJC_MSGSEND = YES;
				GCC_C_LANGUAGE_STANDARD = gnu11;
				GCC_NO_COMMON_BLOCKS = YES;
				GCC_WARN_64_TO_32_BIT_CONVERSION = YES;
				GCC_WARN_ABOUT_RETURN_TYPE = YES_ERROR;
				GCC_WARN_UNDECLARED_SELECTOR = YES;
				GCC_WARN_UNINITIALIZED_AUTOS = YES_AGGRESSIVE;
				GCC_WARN_UNUSED_FUNCTION = YES;
				GCC_WARN_UNUSED_VARIABLE = YES;
				IPHONEOS_DEPLOYMENT_TARGET = 16.2;
				MTL_ENABLE_DEBUG_INFO = NO;
				MTL_FAST_MATH = YES;
				SDKROOT = iphoneos;
				VALIDATE_PRODUCT = YES;
			};
			name = Release;
		};
		5E80AADA2A44A50C001C750F /* Debug */ = {
			isa = XCBuildConfiguration;
			baseConfigurationReference = CC51F69A18027C45E6DD8B0F /* Pods-ads.debug.xcconfig */;
			buildSettings = {
				ARCHS = "$(ARCHS_STANDARD)";
				CLANG_CXX_LANGUAGE_STANDARD = "gnu++17";
				CODE_SIGN_STYLE = Automatic;
				EXCLUDED_ARCHS = "";
				EXECUTABLE_PREFIX = "poing-godot-admob-";
				HEADER_SEARCH_PATHS = (
					"$(inherited)",
					"\"${PODS_CONFIGURATION_BUILD_DIR}/GoogleUtilities/GoogleUtilities.framework/Headers\"",
					"\"${PODS_CONFIGURATION_BUILD_DIR}/PromisesObjC/FBLPromises.framework/Headers\"",
					"\"${PODS_CONFIGURATION_BUILD_DIR}/nanopb/nanopb.framework/Headers\"",
					"$(SRCROOT)/../godot/platform/ios",
					"$(SRCROOT)/../godot",
				);
				IPHONEOS_DEPLOYMENT_TARGET = 16.2;
				OTHER_CFLAGS = (
					"-fcxx-modules",
					"-g",
					"-DDEBUG",
					"-DDEBUG_ENABLED",
					"-DDEBUG_MEMORY_ALLOC",
					"-DDISABLE_FORCED_INLINE",
					"-DTYPED_METHOD_BIND",
					"-fmodules",
					"-DIPHONE_ENABLED",
					"-DUNIX_ENABLED",
					"-DCOREAUDIO_ENABLED",
				);
				OTHER_CPLUSPLUSFLAGS = (
					"$(OTHER_CFLAGS)",
					"-DIOS_ENABLED",
				);
				OTHER_LDFLAGS = "-ObjC";
				PRODUCT_NAME = "$(TARGET_NAME)";
				SKIP_INSTALL = YES;
				TARGETED_DEVICE_FAMILY = "1,2";
				VERSION_INFO_PREFIX = "";
				VERSION_INFO_SUFFIX = "";
			};
			name = Debug;
		};
		5E80AADB2A44A50C001C750F /* Release */ = {
			isa = XCBuildConfiguration;
			baseConfigurationReference = 0D0C9E5FF32E0DDCEDE2E41C /* Pods-ads.release.xcconfig */;
			buildSettings = {
				ARCHS = "$(ARCHS_STANDARD)";
				CLANG_CXX_LANGUAGE_STANDARD = "gnu++17";
				CODE_SIGN_STYLE = Automatic;
				EXCLUDED_ARCHS = "";
				EXECUTABLE_PREFIX = "poing-godot-admob-";
				HEADER_SEARCH_PATHS = (
					"$(inherited)",
					"\"${PODS_CONFIGURATION_BUILD_DIR}/GoogleUtilities/GoogleUtilities.framework/Headers\"",
					"\"${PODS_CONFIGURATION_BUILD_DIR}/PromisesObjC/FBLPromises.framework/Headers\"",
					"\"${PODS_CONFIGURATION_BUILD_DIR}/nanopb/nanopb.framework/Headers\"",
					"$(SRCROOT)/../godot/platform/ios",
					"$(SRCROOT)/../godot",
				);
				IPHONEOS_DEPLOYMENT_TARGET = 16.2;
				OTHER_CFLAGS = (
					"-fcxx-modules",
					"-fmodules",
				);
				OTHER_CPLUSPLUSFLAGS = (
					"$(OTHER_CFLAGS)",
					"-DIOS_ENABLED",
				);
				OTHER_LDFLAGS = "-ObjC";
				PRODUCT_NAME = "$(TARGET_NAME)";
				SKIP_INSTALL = YES;
				TARGETED_DEVICE_FAMILY = "1,2";
				VERSION_INFO_PREFIX = "";
				VERSION_INFO_SUFFIX = "";
			};
			name = Release;
		};
		5E80AAE72A44A74A001C750F /* Debug */ = {
			isa = XCBuildConfiguration;
			baseConfigurationReference = F92044ABF829B272A03BAD3E /* Pods-core.debug.xcconfig */;
			buildSettings = {
				CLANG_CXX_LANGUAGE_STANDARD = "gnu++17";
				CODE_SIGN_STYLE = Automatic;
				EXCLUDED_ARCHS = "";
				EXECUTABLE_PREFIX = "poing-godot-admob-";
				HEADER_SEARCH_PATHS = (
					"$(inherited)",
					"\"${PODS_CONFIGURATION_BUILD_DIR}/GoogleUtilities/GoogleUtilities.framework/Headers\"",
					"\"${PODS_CONFIGURATION_BUILD_DIR}/PromisesObjC/FBLPromises.framework/Headers\"",
					"\"${PODS_CONFIGURATION_BUILD_DIR}/nanopb/nanopb.framework/Headers\"",
					"$(SRCROOT)/../godot/platform/ios",
					"$(SRCROOT)/../godot",
				);
				OTHER_LDFLAGS = "-ObjC";
				PRODUCT_NAME = "$(TARGET_NAME)";
				SKIP_INSTALL = YES;
				TARGETED_DEVICE_FAMILY = "1,2";
			};
			name = Debug;
		};
		5E80AAE82A44A74A001C750F /* Release */ = {
			isa = XCBuildConfiguration;
			baseConfigurationReference = D543E74DDF1339C060D0B774 /* Pods-core.release.xcconfig */;
			buildSettings = {
				CLANG_CXX_LANGUAGE_STANDARD = "gnu++17";
				CODE_SIGN_STYLE = Automatic;
				EXCLUDED_ARCHS = "";
				EXECUTABLE_PREFIX = "poing-godot-admob-";
				HEADER_SEARCH_PATHS = (
					"$(inherited)",
					"\"${PODS_CONFIGURATION_BUILD_DIR}/GoogleUtilities/GoogleUtilities.framework/Headers\"",
					"\"${PODS_CONFIGURATION_BUILD_DIR}/PromisesObjC/FBLPromises.framework/Headers\"",
					"\"${PODS_CONFIGURATION_BUILD_DIR}/nanopb/nanopb.framework/Headers\"",
					"$(SRCROOT)/../godot/platform/ios",
					"$(SRCROOT)/../godot",
				);
				OTHER_LDFLAGS = "-ObjC";
				PRODUCT_NAME = "$(TARGET_NAME)";
				SKIP_INSTALL = YES;
				TARGETED_DEVICE_FAMILY = "1,2";
			};
			name = Release;
		};
		5E80AAF42A44A82F001C750F /* Debug */ = {
			isa = XCBuildConfiguration;
			baseConfigurationReference = 423FD0383D3ACB01587A333D /* Pods-meta.debug.xcconfig */;
			buildSettings = {
				CLANG_CXX_LANGUAGE_STANDARD = "gnu++17";
				CODE_SIGN_STYLE = Automatic;
				EXCLUDED_ARCHS = "";
				EXECUTABLE_PREFIX = "poing-godot-admob-";
				HEADER_SEARCH_PATHS = (
					"$(inherited)",
					"\"${PODS_CONFIGURATION_BUILD_DIR}/GoogleUtilities/GoogleUtilities.framework/Headers\"",
					"\"${PODS_CONFIGURATION_BUILD_DIR}/PromisesObjC/FBLPromises.framework/Headers\"",
					"\"${PODS_CONFIGURATION_BUILD_DIR}/nanopb/nanopb.framework/Headers\"",
					"$(SRCROOT)/../godot/platform/ios",
					"$(SRCROOT)/../godot",
				);
				OTHER_CFLAGS = (
					"-fcxx-modules",
					"-g",
					"-DDEBUG",
					"-DDEBUG_ENABLED",
					"-DDEBUG_MEMORY_ALLOC",
					"-DDISABLE_FORCED_INLINE",
					"-DTYPED_METHOD_BIND",
					"-fmodules",
					"-DIPHONE_ENABLED",
					"-DUNIX_ENABLED",
					"-DCOREAUDIO_ENABLED",
				);
				OTHER_LDFLAGS = "-ObjC";
				PRODUCT_NAME = "$(TARGET_NAME)";
				SKIP_INSTALL = YES;
				TARGETED_DEVICE_FAMILY = "1,2";
			};
			name = Debug;
		};
		5E80AAF52A44A82F001C750F /* Release */ = {
			isa = XCBuildConfiguration;
			baseConfigurationReference = 001FDF7CA428980BF8E6E60F /* Pods-meta.release.xcconfig */;
			buildSettings = {
				CLANG_CXX_LANGUAGE_STANDARD = "gnu++17";
				CODE_SIGN_STYLE = Automatic;
				EXCLUDED_ARCHS = "";
				EXECUTABLE_PREFIX = "poing-godot-admob-";
				HEADER_SEARCH_PATHS = (
					"$(inherited)",
					"\"${PODS_CONFIGURATION_BUILD_DIR}/GoogleUtilities/GoogleUtilities.framework/Headers\"",
					"\"${PODS_CONFIGURATION_BUILD_DIR}/PromisesObjC/FBLPromises.framework/Headers\"",
					"\"${PODS_CONFIGURATION_BUILD_DIR}/nanopb/nanopb.framework/Headers\"",
					"$(SRCROOT)/../godot/platform/ios",
					"$(SRCROOT)/../godot",
				);
				OTHER_CFLAGS = (
					"-fcxx-modules",
					"-fmodules",
				);
				OTHER_LDFLAGS = "-ObjC";
				PRODUCT_NAME = "$(TARGET_NAME)";
				SKIP_INSTALL = YES;
				TARGETED_DEVICE_FAMILY = "1,2";
			};
			name = Release;
		};
		5E80AB032A44AA77001C750F /* Debug */ = {
			isa = XCBuildConfiguration;
			baseConfigurationReference = 89172A20427D79238AD2E0B7 /* Pods-vungle.debug.xcconfig */;
			buildSettings = {
				CLANG_CXX_LANGUAGE_STANDARD = "gnu++17";
				CODE_SIGN_STYLE = Automatic;
				EXCLUDED_ARCHS = "";
				EXECUTABLE_PREFIX = "poing-godot-admob-";
				HEADER_SEARCH_PATHS = (
					"$(inherited)",
					"\"${PODS_CONFIGURATION_BUILD_DIR}/GoogleUtilities/GoogleUtilities.framework/Headers\"",
					"\"${PODS_CONFIGURATION_BUILD_DIR}/PromisesObjC/FBLPromises.framework/Headers\"",
					"\"${PODS_CONFIGURATION_BUILD_DIR}/nanopb/nanopb.framework/Headers\"",
					"$(SRCROOT)/../godot/platform/ios",
					"$(SRCROOT)/../godot",
				);
				OTHER_CFLAGS = (
					"-fcxx-modules",
					"-g",
					"-DDEBUG",
					"-DDEBUG_ENABLED",
					"-DDEBUG_MEMORY_ALLOC",
					"-DDISABLE_FORCED_INLINE",
					"-DTYPED_METHOD_BIND",
					"-fmodules",
					"-DIPHONE_ENABLED",
					"-DUNIX_ENABLED",
					"-DCOREAUDIO_ENABLED",
				);
				OTHER_LDFLAGS = "-ObjC";
				PRODUCT_NAME = "$(TARGET_NAME)";
				SKIP_INSTALL = YES;
				TARGETED_DEVICE_FAMILY = "1,2";
			};
			name = Debug;
		};
		5E80AB042A44AA77001C750F /* Release */ = {
			isa = XCBuildConfiguration;
			baseConfigurationReference = CE5E3845A23B1DF76DF83F92 /* Pods-vungle.release.xcconfig */;
			buildSettings = {
				CLANG_CXX_LANGUAGE_STANDARD = "gnu++17";
				CODE_SIGN_STYLE = Automatic;
				EXCLUDED_ARCHS = "";
				EXECUTABLE_PREFIX = "poing-godot-admob-";
				HEADER_SEARCH_PATHS = (
					"$(inherited)",
					"\"${PODS_CONFIGURATION_BUILD_DIR}/GoogleUtilities/GoogleUtilities.framework/Headers\"",
					"\"${PODS_CONFIGURATION_BUILD_DIR}/PromisesObjC/FBLPromises.framework/Headers\"",
					"\"${PODS_CONFIGURATION_BUILD_DIR}/nanopb/nanopb.framework/Headers\"",
					"$(SRCROOT)/../godot/platform/ios",
					"$(SRCROOT)/../godot",
				);
				OTHER_CFLAGS = (
					"-fcxx-modules",
					"-fmodules",
				);
				OTHER_LDFLAGS = "-ObjC";
				PRODUCT_NAME = "$(TARGET_NAME)";
				SKIP_INSTALL = YES;
				TARGETED_DEVICE_FAMILY = "1,2";
			};
			name = Release;
		};
/* End XCBuildConfiguration section */

/* Begin XCConfigurationList section */
		5E5BDE402A4686B20071BE86 /* Build configuration list for PBXNativeTarget "adcolony" */ = {
			isa = XCConfigurationList;
			buildConfigurations = (
				5E5BDE412A4686B20071BE86 /* Debug */,
				5E5BDE422A4686B20071BE86 /* Release */,
			);
			defaultConfigurationIsVisible = 0;
			defaultConfigurationName = Release;
		};
		5E80AACB2A44A50C001C750F /* Build configuration list for PBXProject "PoingGodotAdMob" */ = {
			isa = XCConfigurationList;
			buildConfigurations = (
				5E80AAD72A44A50C001C750F /* Debug */,
				5E80AAD82A44A50C001C750F /* Release */,
			);
			defaultConfigurationIsVisible = 0;
			defaultConfigurationName = Release;
		};
		5E80AAD92A44A50C001C750F /* Build configuration list for PBXNativeTarget "ads" */ = {
			isa = XCConfigurationList;
			buildConfigurations = (
				5E80AADA2A44A50C001C750F /* Debug */,
				5E80AADB2A44A50C001C750F /* Release */,
			);
			defaultConfigurationIsVisible = 0;
			defaultConfigurationName = Release;
		};
		5E80AAE62A44A74A001C750F /* Build configuration list for PBXNativeTarget "core" */ = {
			isa = XCConfigurationList;
			buildConfigurations = (
				5E80AAE72A44A74A001C750F /* Debug */,
				5E80AAE82A44A74A001C750F /* Release */,
			);
			defaultConfigurationIsVisible = 0;
			defaultConfigurationName = Release;
		};
		5E80AAF32A44A82F001C750F /* Build configuration list for PBXNativeTarget "meta" */ = {
			isa = XCConfigurationList;
			buildConfigurations = (
				5E80AAF42A44A82F001C750F /* Debug */,
				5E80AAF52A44A82F001C750F /* Release */,
			);
			defaultConfigurationIsVisible = 0;
			defaultConfigurationName = Release;
		};
		5E80AB022A44AA77001C750F /* Build configuration list for PBXNativeTarget "vungle" */ = {
			isa = XCConfigurationList;
			buildConfigurations = (
				5E80AB032A44AA77001C750F /* Debug */,
				5E80AB042A44AA77001C750F /* Release */,
			);
			defaultConfigurationIsVisible = 0;
			defaultConfigurationName = Release;
		};
/* End XCConfigurationList section */
	};
	rootObject = 5E80AAC82A44A50C001C750F /* Project object */;
}
