PODS:
  - FBAudienceNetwork (6.20.0)
  - Google-Mobile-Ads-SDK (12.6.0):
    - GoogleUserMessagingPlatform (>= 1.1)
  - GoogleMobileAdsMediationFacebook (6.20.0.0):
    - FBAudienceNetwork (= 6.20.0)
    - Google-Mobile-Ads-SDK (~> 12.0)
  - GoogleMobileAdsMediationVungle (7.5.1.0):
    - Google-Mobile-Ads-SDK (~> 12.0)
    - VungleAds (= 7.5.1)
  - GoogleUserMessagingPlatform (3.0.0)
  - VungleAds (7.5.1)

DEPENDENCIES:
  - Google-Mobile-Ads-SDK (= 12.6.0)
  - GoogleMobileAdsMediationFacebook (= 6.20.0.0)
  - GoogleMobileAdsMediationVungle (= 7.5.1.0)

SPEC REPOS:
  trunk:
    - FBAudienceNetwork
    - Google-Mobile-Ads-SDK
    - GoogleMobileAdsMediationFacebook
    - GoogleMobileAdsMediationVungle
    - GoogleUserMessagingPlatform
    - VungleAds

SPEC CHECKSUMS:
  FBAudienceNetwork: 51d3681e66c00ee36811c0d96e9fa39d5673eba8
  Google-Mobile-Ads-SDK: 198db3cfaaafdacf4ebfa273944c844792d483d1
  GoogleMobileAdsMediationFacebook: 9ca21f40f6873d557900cef231315ef21965b8c8
  GoogleMobileAdsMediationVungle: ac53b75b6b6cc1e1acf670e773522be909dcf18a
  GoogleUserMessagingPlatform: f8d0cdad3ca835406755d0a69aa634f00e76d576
  VungleAds: f7143149d6160211c6d462453adce125160e4283

PODFILE CHECKSUM: ca5b0479f0367a3b1108b25256362fdc4e74f022

COCOAPODS: 1.16.2
