PODS:
  - AdColony (4.9.0)
  - FBAudienceNetwork (6.12.0)
  - Google-Mobile-Ads-SDK (10.9.0):
    - GoogleAppMeasurement (< 11.0, >= 7.0)
    - GoogleUserMessagingPlatform (>= 1.1)
  - GoogleAppMeasurement (10.13.0):
    - GoogleAppMeasurement/AdIdSupport (= 10.13.0)
    - GoogleUtilities/AppDelegateSwizzler (~> 7.11)
    - GoogleUtilities/MethodSwizzler (~> 7.11)
    - GoogleUtilities/Network (~> 7.11)
    - "GoogleUtilities/NSData+zlib (~> 7.11)"
    - nanopb (< 2.30910.0, >= 2.30908.0)
  - GoogleAppMeasurement/AdIdSupport (10.13.0):
    - GoogleAppMeasurement/WithoutAdIdSupport (= 10.13.0)
    - GoogleUtilities/AppDelegateSwizzler (~> 7.11)
    - GoogleUtilities/MethodSwizzler (~> 7.11)
    - GoogleUtilities/Network (~> 7.11)
    - "GoogleUtilities/NSData+zlib (~> 7.11)"
    - nanopb (< 2.30910.0, >= 2.30908.0)
  - GoogleAppMeasurement/WithoutAdIdSupport (10.13.0):
    - GoogleUtilities/AppDelegateSwizzler (~> 7.11)
    - GoogleUtilities/MethodSwizzler (~> 7.11)
    - GoogleUtilities/Network (~> 7.11)
    - "GoogleUtilities/NSData+zlib (~> 7.11)"
    - nanopb (< 2.30910.0, >= 2.30908.0)
  - GoogleMobileAdsMediationAdColony (4.9.0.2):
    - AdColony (= 4.9.0)
    - Google-Mobile-Ads-SDK (~> 10.0)
  - GoogleMobileAdsMediationFacebook (6.12.0.1):
    - FBAudienceNetwork (= 6.12.0)
    - Google-Mobile-Ads-SDK (~> 10.0)
  - GoogleMobileAdsMediationVungle (6.12.3.0):
    - Google-Mobile-Ads-SDK (~> 10.0)
    - VungleSDK-iOS (= 6.12.3)
  - GoogleUserMessagingPlatform (2.1.0)
  - GoogleUtilities/AppDelegateSwizzler (7.11.5):
    - GoogleUtilities/Environment
    - GoogleUtilities/Logger
    - GoogleUtilities/Network
  - GoogleUtilities/Environment (7.11.5):
    - PromisesObjC (< 3.0, >= 1.2)
  - GoogleUtilities/Logger (7.11.5):
    - GoogleUtilities/Environment
  - GoogleUtilities/MethodSwizzler (7.11.5):
    - GoogleUtilities/Logger
  - GoogleUtilities/Network (7.11.5):
    - GoogleUtilities/Logger
    - "GoogleUtilities/NSData+zlib"
    - GoogleUtilities/Reachability
  - "GoogleUtilities/NSData+zlib (7.11.5)"
  - GoogleUtilities/Reachability (7.11.5):
    - GoogleUtilities/Logger
  - nanopb (2.30909.0):
    - nanopb/decode (= 2.30909.0)
    - nanopb/encode (= 2.30909.0)
  - nanopb/decode (2.30909.0)
  - nanopb/encode (2.30909.0)
  - PromisesObjC (2.3.1)
  - VungleSDK-iOS (6.12.3)

DEPENDENCIES:
  - Google-Mobile-Ads-SDK (= 10.9.0)
  - GoogleMobileAdsMediationAdColony (= 4.9.0.2)
  - GoogleMobileAdsMediationFacebook (= 6.12.0.1)
  - GoogleMobileAdsMediationVungle (= 6.12.3.0)

SPEC REPOS:
  trunk:
    - AdColony
    - FBAudienceNetwork
    - Google-Mobile-Ads-SDK
    - GoogleAppMeasurement
    - GoogleMobileAdsMediationAdColony
    - GoogleMobileAdsMediationFacebook
    - GoogleMobileAdsMediationVungle
    - GoogleUserMessagingPlatform
    - GoogleUtilities
    - nanopb
    - PromisesObjC
    - VungleSDK-iOS

SPEC CHECKSUMS:
  AdColony: 4f3738dc633d7aaa8ec60729df973076cc8e97ed
  FBAudienceNetwork: e0fcc9091fced34910ed0b6da06f129db46ac9e6
  Google-Mobile-Ads-SDK: e81e8b009a182dc8dd14951782efdbb30a5e4510
  GoogleAppMeasurement: 3ae505b44174bcc0775f5c86cecc5826259fbb1e
  GoogleMobileAdsMediationAdColony: 739e508a44288b54d59d4deb211340008d46d8f5
  GoogleMobileAdsMediationFacebook: d0dfe773d6009ddd2ee0dfded681a7a2c56a315b
  GoogleMobileAdsMediationVungle: 967c32401bc395dc66fd4f2f177c594165c3802f
  GoogleUserMessagingPlatform: dce302b8f1b84d6e945812ee7a15c3f65a102cbf
  GoogleUtilities: 13e2c67ede716b8741c7989e26893d151b2b2084
  nanopb: b552cce312b6c8484180ef47159bc0f65a1f0431
  PromisesObjC: c50d2056b5253dadbd6c2bea79b0674bd5a52fa4
  VungleSDK-iOS: 27725029a42dfb9e39c67956637233fde1ee1797

PODFILE CHECKSUM: 08e093284dd78b67e7b6a7ad030dbe948d8bd016

COCOAPODS: 1.11.2
