PODS:
  - FBAudienceNetwork (6.15.0)
  - Google-Mobile-Ads-SDK (11.3.0):
    - GoogleUserMessagingPlatform (>= 1.1)
  - GoogleMobileAdsMediationFacebook (6.15.0.0):
    - FBAudienceNetwork (= 6.15.0)
    - Google-Mobile-Ads-SDK (~> 11.0)
  - GoogleMobileAdsMediationVungle (7.3.0.0):
    - Google-Mobile-Ads-SDK (~> 11.0)
    - VungleAds (= 7.3.0)
  - GoogleUserMessagingPlatform (2.4.0)
  - VungleAds (7.3.0)

DEPENDENCIES:
  - Google-Mobile-Ads-SDK (= 11.3.0)
  - GoogleMobileAdsMediationFacebook (= 6.15.0.0)
  - GoogleMobileAdsMediationVungle (= 7.3)

SPEC REPOS:
  trunk:
    - FBAudienceNetwork
    - Google-Mobile-Ads-SDK
    - GoogleMobileAdsMediationFacebook
    - GoogleMobileAdsMediationVungle
    - GoogleUserMessagingPlatform
    - VungleAds

SPEC CHECKSUMS:
  FBAudienceNetwork: 6c560e4c68823ec5da1e84868544a8a246e0e201
  Google-Mobile-Ads-SDK: 301a16c461c331ba34ff4dab40a22ab7c147af61
  GoogleMobileAdsMediationFacebook: 26dec5611c04af55eba3dd16c564bafa8ebd7131
  GoogleMobileAdsMediationVungle: 75f3f80a9f2c3bae806fc46d70ad3cff23f37c25
  GoogleUserMessagingPlatform: f131fa7978d2ba88d7426702b057c2cc318e6595
  VungleAds: c7bf642b4a4581177b5c76042423a21d8c32ef1e

PODFILE CHECKSUM: ca5b0479f0367a3b1108b25256362fdc4e74f022

COCOAPODS: 1.15.2
